
Microsoft Visual Studio Solution File, Format Version 12.00
# Visual Studio Version 17
VisualStudioVersion = 17.4.33122.133
MinimumVisualStudioVersion = 10.0.40219.1
Project("{FAE04EC0-301F-11D3-BF4B-00C04F79EFBC}") = "GarimaTask", "GarimaTask\GarimaTask.csproj", "{B78DA41F-A3D2-4624-BE3E-A09E1AB0BD41}"
EndProject
Global
	GlobalSection(SolutionConfigurationPlatforms) = preSolution
		Debug|Any CPU = Debug|Any CPU
		Release|Any CPU = Release|Any CPU
	EndGlobalSection
	GlobalSection(ProjectConfigurationPlatforms) = postSolution
		{B78DA41F-A3D2-4624-BE3E-A09E1AB0BD41}.Debug|Any CPU.ActiveCfg = Debug|Any CPU
		{B78DA41F-A3D2-4624-BE3E-A09E1AB0BD41}.Debug|Any CPU.Build.0 = Debug|Any CPU
		{B78DA41F-A3D2-4624-BE3E-A09E1AB0BD41}.Release|Any CPU.ActiveCfg = Release|Any CPU
		{B78DA41F-A3D2-4624-BE3E-A09E1AB0BD41}.Release|Any CPU.Build.0 = Release|Any CPU
	EndGlobalSection
	GlobalSection(SolutionProperties) = preSolution
		HideSolutionNode = FALSE
	EndGlobalSection
	GlobalSection(ExtensibilityGlobals) = postSolution
		SolutionGuid = {5610EBC4-4B15-48DD-8A51-D3F721A60B03}
	EndGlobalSection
EndGlobal
